
Microsoft Visual Studio Solution File, Format Version 12.00
# Visual Studio Version 17
VisualStudioVersion = 17.8.34330.188
MinimumVisualStudioVersion = 10.0.40219.1
Project("{9A19103F-16F7-4668-BE54-9A1E7A4F7556}") = "SalesTrack", "SalesTrack\SalesTrack.csproj", "{07C6EB60-B292-43CE-A914-28DF87655E26}"
EndProject
Project("{2150E333-8FDC-42A3-9474-1A3956D46DE8}") = "Sideloader", "Sideloader", "{AC146F8E-28E8-4AAC-BB6C-2C4BA0170CA4}"
	ProjectSection(SolutionItems) = preProject
		manifest.xml = manifest.xml
	EndProjectSection
EndProject
Global
	GlobalSection(SolutionConfigurationPlatforms) = preSolution
		Debug|Any CPU = Debug|Any CPU
		Release|Any CPU = Release|Any CPU
	EndGlobalSection
	GlobalSection(ProjectConfigurationPlatforms) = postSolution
		{07C6EB60-B292-43CE-A914-28DF87655E26}.Debug|Any CPU.ActiveCfg = Debug|Any CPU
		{07C6EB60-B292-43CE-A914-28DF87655E26}.Debug|Any CPU.Build.0 = Debug|Any CPU
		{07C6EB60-B292-43CE-A914-28DF87655E26}.Release|Any CPU.ActiveCfg = Release|Any CPU
		{07C6EB60-B292-43CE-A914-28DF87655E26}.Release|Any CPU.Build.0 = Release|Any CPU
	EndGlobalSection
	GlobalSection(SolutionProperties) = preSolution
		HideSolutionNode = FALSE
	EndGlobalSection
	GlobalSection(ExtensibilityGlobals) = postSolution
		SolutionGuid = {C6A9AA3D-0369-4C58-A2B5-F60A76C131B1}
	EndGlobalSection
EndGlobal
